
Microsoft Visual Studio Solution File, Format Version 12.00
# Visual Studio 2012
Project("{FAE04EC0-301F-11D3-BF4B-00C04F79EFBC}") = "MongoDB.Embedded", "src\MongoDb.Embedded\MongoDB.Embedded.csproj", "{9A744F18-853B-4EBA-815F-53AAED8ACF87}"
EndProject
Project("{FAE04EC0-301F-11D3-BF4B-00C04F79EFBC}") = "MongoDB.Embedded.Tests", "src\MongoDb.Embedded.Tests\MongoDB.Embedded.Tests.csproj", "{EE5BA891-F82C-47C4-99FC-6F338A3117DE}"
EndProject
Project("{2150E333-8FDC-42A3-9474-1A3956D46DE8}") = ".nuget", ".nuget", "{80BA23A4-6ADE-4986-8F87-5CF5A87E9055}"
	ProjectSection(SolutionItems) = preProject
		.nuget\NuGet.Config = .nuget\NuGet.Config
		.nuget\NuGet.exe = .nuget\NuGet.exe
		.nuget\NuGet.targets = .nuget\NuGet.targets
	EndProjectSection
EndProject
Global
	GlobalSection(SolutionConfigurationPlatforms) = preSolution
		Debug|Any CPU = Debug|Any CPU
		Debug|Mixed Platforms = Debug|Mixed Platforms
		Debug|x86 = Debug|x86
		Release|Any CPU = Release|Any CPU
		Release|Mixed Platforms = Release|Mixed Platforms
		Release|x86 = Release|x86
	EndGlobalSection
	GlobalSection(ProjectConfigurationPlatforms) = postSolution
		{9A744F18-853B-4EBA-815F-53AAED8ACF87}.Debug|Any CPU.ActiveCfg = Debug|x64
		{9A744F18-853B-4EBA-815F-53AAED8ACF87}.Debug|Mixed Platforms.ActiveCfg = Debug|x64
		{9A744F18-853B-4EBA-815F-53AAED8ACF87}.Debug|Mixed Platforms.Build.0 = Debug|x64
		{9A744F18-853B-4EBA-815F-53AAED8ACF87}.Debug|x86.ActiveCfg = Debug|x64
		{9A744F18-853B-4EBA-815F-53AAED8ACF87}.Release|Any CPU.ActiveCfg = Release|x64
		{9A744F18-853B-4EBA-815F-53AAED8ACF87}.Release|Mixed Platforms.ActiveCfg = Release|x64
		{9A744F18-853B-4EBA-815F-53AAED8ACF87}.Release|Mixed Platforms.Build.0 = Release|x64
		{9A744F18-853B-4EBA-815F-53AAED8ACF87}.Release|x86.ActiveCfg = Release|x64
		{EE5BA891-F82C-47C4-99FC-6F338A3117DE}.Debug|Any CPU.ActiveCfg = Debug|Any CPU
		{EE5BA891-F82C-47C4-99FC-6F338A3117DE}.Debug|Any CPU.Build.0 = Debug|Any CPU
		{EE5BA891-F82C-47C4-99FC-6F338A3117DE}.Debug|Mixed Platforms.ActiveCfg = Debug|Any CPU
		{EE5BA891-F82C-47C4-99FC-6F338A3117DE}.Debug|Mixed Platforms.Build.0 = Debug|Any CPU
		{EE5BA891-F82C-47C4-99FC-6F338A3117DE}.Debug|x86.ActiveCfg = Debug|Any CPU
		{EE5BA891-F82C-47C4-99FC-6F338A3117DE}.Release|Any CPU.ActiveCfg = Release|Any CPU
		{EE5BA891-F82C-47C4-99FC-6F338A3117DE}.Release|Any CPU.Build.0 = Release|Any CPU
		{EE5BA891-F82C-47C4-99FC-6F338A3117DE}.Release|Mixed Platforms.ActiveCfg = Release|Any CPU
		{EE5BA891-F82C-47C4-99FC-6F338A3117DE}.Release|Mixed Platforms.Build.0 = Release|Any CPU
		{EE5BA891-F82C-47C4-99FC-6F338A3117DE}.Release|x86.ActiveCfg = Release|Any CPU
	EndGlobalSection
	GlobalSection(SolutionProperties) = preSolution
		HideSolutionNode = FALSE
	EndGlobalSection
EndGlobal
